
Microsoft Visual Studio Solution File, Format Version 12.00
# Visual Studio Version 17
VisualStudioVersion = 17.7.34031.279
MinimumVisualStudioVersion = 10.0.40219.1
Project("{FAE04EC0-301F-11D3-BF4B-00C04F79EFBC}") = "Triki", "Triki\Triki.csproj", "{848648AF-9A71-4B93-94A7-15DE7BB3BDE7}"
EndProject
Global
	GlobalSection(SolutionConfigurationPlatforms) = preSolution
		Debug|Any CPU = Debug|Any CPU
		Release|Any CPU = Release|Any CPU
	EndGlobalSection
	GlobalSection(ProjectConfigurationPlatforms) = postSolution
		{848648AF-9A71-4B93-94A7-15DE7BB3BDE7}.Debug|Any CPU.ActiveCfg = Debug|Any CPU
		{848648AF-9A71-4B93-94A7-15DE7BB3BDE7}.Debug|Any CPU.Build.0 = Debug|Any CPU
		{848648AF-9A71-4B93-94A7-15DE7BB3BDE7}.Release|Any CPU.ActiveCfg = Release|Any CPU
		{848648AF-9A71-4B93-94A7-15DE7BB3BDE7}.Release|Any CPU.Build.0 = Release|Any CPU
	EndGlobalSection
	GlobalSection(SolutionProperties) = preSolution
		HideSolutionNode = FALSE
	EndGlobalSection
	GlobalSection(ExtensibilityGlobals) = postSolution
		SolutionGuid = {DF115E47-A772-4B9B-A330-6AB79E6BACE3}
	EndGlobalSection
EndGlobal
